// !$*UTF8*$!
{
	archiveVersion = 1;
	classes = {
	};
	objectVersion = 50;
	objects = {

/* Begin PBXBuildFile section */
		F3A656EC23ECDCFC00689E34 /* AppDelegate.swift in Sources */ = {isa = PBXBuildFile; fileRef = F3A656EB23ECDCFC00689E34 /* AppDelegate.swift */; };
		F3A656EE23ECDCFC00689E34 /* SceneDelegate.swift in Sources */ = {isa = PBXBuildFile; fileRef = F3A656ED23ECDCFC00689E34 /* SceneDelegate.swift */; };
		F3A656F023ECDCFC00689E34 /* ViewController.swift in Sources */ = {isa = PBXBuildFile; fileRef = F3A656EF23ECDCFC00689E34 /* ViewController.swift */; };
		F3A656F323ECDCFC00689E34 /* Main.storyboard in Resources */ = {isa = PBXBuildFile; fileRef = F3A656F123ECDCFC00689E34 /* Main.storyboard */; };
		F3A656F523ECDCFF00689E34 /* Assets.xcassets in Resources */ = {isa = PBXBuildFile; fileRef = F3A656F423ECDCFF00689E34 /* Assets.xcassets */; };
		F3A656F823ECDCFF00689E34 /* LaunchScreen.storyboard in Resources */ = {isa = PBXBuildFile; fileRef = F3A656F623ECDCFF00689E34 /* LaunchScreen.storyboard */; };
		F3A6570323ECDCFF00689E34 /* BonusLayoutConstaintsTests.swift in Sources */ = {isa = PBXBuildFile; fileRef = F3A6570223ECDCFF00689E34 /* BonusLayoutConstaintsTests.swift */; };
		F3A6570E23ECDD0000689E34 /* BonusLayoutConstaintsUITests.swift in Sources */ = {isa = PBXBuildFile; fileRef = F3A6570D23ECDD0000689E34 /* BonusLayoutConstaintsUITests.swift */; };
/* End PBXBuildFile section */

/* Begin PBXContainerItemProxy section */
		F3A656FF23ECDCFF00689E34 /* PBXContainerItemProxy */ = {
			isa = PBXContainerItemProxy;
			containerPortal = F3A656E023ECDCFB00689E34 /* Project object */;
			proxyType = 1;
			remoteGlobalIDString = F3A656E723ECDCFB00689E34;
			remoteInfo = BonusLayoutConstaints;
		};
		F3A6570A23ECDD0000689E34 /* PBXContainerItemProxy */ = {
			isa = PBXContainerItemProxy;
			containerPortal = F3A656E023ECDCFB00689E34 /* Project object */;
			proxyType = 1;
			remoteGlobalIDString = F3A656E723ECDCFB00689E34;
			remoteInfo = BonusLayoutConstaints;
		};
/* End PBXContainerItemProxy section */

/* Begin PBXFileReference section */
		F3A656E823ECDCFC00689E34 /* BonusLayoutConstaints.app */ = {isa = PBXFileReference; explicitFileType = wrapper.application; includeInIndex = 0; path = BonusLayoutConstaints.app; sourceTree = BUILT_PRODUCTS_DIR; };
		F3A656EB23ECDCFC00689E34 /* AppDelegate.swift */ = {isa = PBXFileReference; lastKnownFileType = sourcecode.swift; path = AppDelegate.swift; sourceTree = "<group>"; };
		F3A656ED23ECDCFC00689E34 /* SceneDelegate.swift */ = {isa = PBXFileReference; lastKnownFileType = sourcecode.swift; path = SceneDelegate.swift; sourceTree = "<group>"; };
		F3A656EF23ECDCFC00689E34 /* ViewController.swift */ = {isa = PBXFileReference; lastKnownFileType = sourcecode.swift; path = ViewController.swift; sourceTree = "<group>"; };
		F3A656F223ECDCFC00689E34 /* Base */ = {isa = PBXFileReference; lastKnownFileType = file.storyboard; name = Base; path = Base.lproj/Main.storyboard; sourceTree = "<group>"; };
		F3A656F423ECDCFF00689E34 /* Assets.xcassets */ = {isa = PBXFileReference; lastKnownFileType = folder.assetcatalog; path = Assets.xcassets; sourceTree = "<group>"; };
		F3A656F723ECDCFF00689E34 /* Base */ = {isa = PBXFileReference; lastKnownFileType = file.storyboard; name = Base; path = Base.lproj/LaunchScreen.storyboard; sourceTree = "<group>"; };
		F3A656F923ECDCFF00689E34 /* Info.plist */ = {isa = PBXFileReference; lastKnownFileType = text.plist.xml; path = Info.plist; sourceTree = "<group>"; };
		F3A656FE23ECDCFF00689E34 /* BonusLayoutConstaintsTests.xctest */ = {isa = PBXFileReference; explicitFileType = wrapper.cfbundle; includeInIndex = 0; path = BonusLayoutConstaintsTests.xctest; sourceTree = BUILT_PRODUCTS_DIR; };
		F3A6570223ECDCFF00689E34 /* BonusLayoutConstaintsTests.swift */ = {isa = PBXFileReference; lastKnownFileType = sourcecode.swift; path = BonusLayoutConstaintsTests.swift; sourceTree = "<group>"; };
		F3A6570423ECDCFF00689E34 /* Info.plist */ = {isa = PBXFileReference; lastKnownFileType = text.plist.xml; path = Info.plist; sourceTree = "<group>"; };
		F3A6570923ECDCFF00689E34 /* BonusLayoutConstaintsUITests.xctest */ = {isa = PBXFileReference; explicitFileType = wrapper.cfbundle; includeInIndex = 0; path = BonusLayoutConstaintsUITests.xctest; sourceTree = BUILT_PRODUCTS_DIR; };
		F3A6570D23ECDD0000689E34 /* BonusLayoutConstaintsUITests.swift */ = {isa = PBXFileReference; lastKnownFileType = sourcecode.swift; path = BonusLayoutConstaintsUITests.swift; sourceTree = "<group>"; };
		F3A6570F23ECDD0000689E34 /* Info.plist */ = {isa = PBXFileReference; lastKnownFileType = text.plist.xml; path = Info.plist; sourceTree = "<group>"; };
/* End PBXFileReference section */

/* Begin PBXFrameworksBuildPhase section */
		F3A656E523ECDCFB00689E34 /* Frameworks */ = {
			isa = PBXFrameworksBuildPhase;
			buildActionMask = 2147483647;
			files = (
			);
			runOnlyForDeploymentPostprocessing = 0;
		};
		F3A656FB23ECDCFF00689E34 /* Frameworks */ = {
			isa = PBXFrameworksBuildPhase;
			buildActionMask = 2147483647;
			files = (
			);
			runOnlyForDeploymentPostprocessing = 0;
		};
		F3A6570623ECDCFF00689E34 /* Frameworks */ = {
			isa = PBXFrameworksBuildPhase;
			buildActionMask = 2147483647;
			files = (
			);
			runOnlyForDeploymentPostprocessing = 0;
		};
/* End PBXFrameworksBuildPhase section */

/* Begin PBXGroup section */
		F3A656DF23ECDCFB00689E34 = {
			isa = PBXGroup;
			children = (
				F3A656EA23ECDCFC00689E34 /* BonusLayoutConstaints */,
				F3A6570123ECDCFF00689E34 /* BonusLayoutConstaintsTests */,
				F3A6570C23ECDD0000689E34 /* BonusLayoutConstaintsUITests */,
				F3A656E923ECDCFC00689E34 /* Products */,
			);
			sourceTree = "<group>";
		};
		F3A656E923ECDCFC00689E34 /* Products */ = {
			isa = PBXGroup;
			children = (
				F3A656E823ECDCFC00689E34 /* BonusLayoutConstaints.app */,
				F3A656FE23ECDCFF00689E34 /* BonusLayoutConstaintsTests.xctest */,
				F3A6570923ECDCFF00689E34 /* BonusLayoutConstaintsUITests.xctest */,
			);
			name = Products;
			sourceTree = "<group>";
		};
		F3A656EA23ECDCFC00689E34 /* BonusLayoutConstaints */ = {
			isa = PBXGroup;
			children = (
				F3A656EB23ECDCFC00689E34 /* AppDelegate.swift */,
				F3A656ED23ECDCFC00689E34 /* SceneDelegate.swift */,
				F3A656EF23ECDCFC00689E34 /* ViewController.swift */,
				F3A656F123ECDCFC00689E34 /* Main.storyboard */,
				F3A656F423ECDCFF00689E34 /* Assets.xcassets */,
				F3A656F623ECDCFF00689E34 /* LaunchScreen.storyboard */,
				F3A656F923ECDCFF00689E34 /* Info.plist */,
			);
			path = BonusLayoutConstaints;
			sourceTree = "<group>";
		};
		F3A6570123ECDCFF00689E34 /* BonusLayoutConstaintsTests */ = {
			isa = PBXGroup;
			children = (
				F3A6570223ECDCFF00689E34 /* BonusLayoutConstaintsTests.swift */,
				F3A6570423ECDCFF00689E34 /* Info.plist */,
			);
			path = BonusLayoutConstaintsTests;
			sourceTree = "<group>";
		};
		F3A6570C23ECDD0000689E34 /* BonusLayoutConstaintsUITests */ = {
			isa = PBXGroup;
			children = (
				F3A6570D23ECDD0000689E34 /* BonusLayoutConstaintsUITests.swift */,
				F3A6570F23ECDD0000689E34 /* Info.plist */,
			);
			path = BonusLayoutConstaintsUITests;
			sourceTree = "<group>";
		};
/* End PBXGroup section */

/* Begin PBXNativeTarget section */
		F3A656E723ECDCFB00689E34 /* BonusLayoutConstaints */ = {
			isa = PBXNativeTarget;
			buildConfigurationList = F3A6571223ECDD0000689E34 /* Build configuration list for PBXNativeTarget "BonusLayoutConstaints" */;
			buildPhases = (
				F3A656E423ECDCFB00689E34 /* Sources */,
				F3A656E523ECDCFB00689E34 /* Frameworks */,
				F3A656E623ECDCFB00689E34 /* Resources */,
			);
			buildRules = (
			);
			dependencies = (
			);
			name = BonusLayoutConstaints;
			productName = BonusLayoutConstaints;
			productReference = F3A656E823ECDCFC00689E34 /* BonusLayoutConstaints.app */;
			productType = "com.apple.product-type.application";
		};
		F3A656FD23ECDCFF00689E34 /* BonusLayoutConstaintsTests */ = {
			isa = PBXNativeTarget;
			buildConfigurationList = F3A6571523ECDD0000689E34 /* Build configuration list for PBXNativeTarget "BonusLayoutConstaintsTests" */;
			buildPhases = (
				F3A656FA23ECDCFF00689E34 /* Sources */,
				F3A656FB23ECDCFF00689E34 /* Frameworks */,
				F3A656FC23ECDCFF00689E34 /* Resources */,
			);
			buildRules = (
			);
			dependencies = (
				F3A6570023ECDCFF00689E34 /* PBXTargetDependency */,
			);
			name = BonusLayoutConstaintsTests;
			productName = BonusLayoutConstaintsTests;
			productReference = F3A656FE23ECDCFF00689E34 /* BonusLayoutConstaintsTests.xctest */;
			productType = "com.apple.product-type.bundle.unit-test";
		};
		F3A6570823ECDCFF00689E34 /* BonusLayoutConstaintsUITests */ = {
			isa = PBXNativeTarget;
			buildConfigurationList = F3A6571823ECDD0000689E34 /* Build configuration list for PBXNativeTarget "BonusLayoutConstaintsUITests" */;
			buildPhases = (
				F3A6570523ECDCFF00689E34 /* Sources */,
				F3A6570623ECDCFF00689E34 /* Frameworks */,
				F3A6570723ECDCFF00689E34 /* Resources */,
			);
			buildRules = (
			);
			dependencies = (
				F3A6570B23ECDD0000689E34 /* PBXTargetDependency */,
			);
			name = BonusLayoutConstaintsUITests;
			productName = BonusLayoutConstaintsUITests;
			productReference = F3A6570923ECDCFF00689E34 /* BonusLayoutConstaintsUITests.xctest */;
			productType = "com.apple.product-type.bundle.ui-testing";
		};
/* End PBXNativeTarget section */

/* Begin PBXProject section */
		F3A656E023ECDCFB00689E34 /* Project object */ = {
			isa = PBXProject;
			attributes = {
				LastSwiftUpdateCheck = 1130;
				LastUpgradeCheck = 1130;
				ORGANIZATIONNAME = "Sunny Patel";
				TargetAttributes = {
					F3A656E723ECDCFB00689E34 = {
						CreatedOnToolsVersion = 11.3.1;
					};
					F3A656FD23ECDCFF00689E34 = {
						CreatedOnToolsVersion = 11.3.1;
						TestTargetID = F3A656E723ECDCFB00689E34;
					};
					F3A6570823ECDCFF00689E34 = {
						CreatedOnToolsVersion = 11.3.1;
						TestTargetID = F3A656E723ECDCFB00689E34;
					};
				};
			};
			buildConfigurationList = F3A656E323ECDCFB00689E34 /* Build configuration list for PBXProject "BonusLayoutConstaints" */;
			compatibilityVersion = "Xcode 9.3";
			developmentRegion = en;
			hasScannedForEncodings = 0;
			knownRegions = (
				en,
				Base,
			);
			mainGroup = F3A656DF23ECDCFB00689E34;
			productRefGroup = F3A656E923ECDCFC00689E34 /* Products */;
			projectDirPath = "";
			projectRoot = "";
			targets = (
				F3A656E723ECDCFB00689E34 /* BonusLayoutConstaints */,
				F3A656FD23ECDCFF00689E34 /* BonusLayoutConstaintsTests */,
				F3A6570823ECDCFF00689E34 /* BonusLayoutConstaintsUITests */,
			);
		};
/* End PBXProject section */

/* Begin PBXResourcesBuildPhase section */
		F3A656E623ECDCFB00689E34 /* Resources */ = {
			isa = PBXResourcesBuildPhase;
			buildActionMask = 2147483647;
			files = (
				F3A656F823ECDCFF00689E34 /* LaunchScreen.storyboard in Resources */,
				F3A656F523ECDCFF00689E34 /* Assets.xcassets in Resources */,
				F3A656F323ECDCFC00689E34 /* Main.storyboard in Resources */,
			);
			runOnlyForDeploymentPostprocessing = 0;
		};
		F3A656FC23ECDCFF00689E34 /* Resources */ = {
			isa = PBXResourcesBuildPhase;
			buildActionMask = 2147483647;
			files = (
			);
			runOnlyForDeploymentPostprocessing = 0;
		};
		F3A6570723ECDCFF00689E34 /* Resources */ = {
			isa = PBXResourcesBuildPhase;
			buildActionMask = 2147483647;
			files = (
			);
			runOnlyForDeploymentPostprocessing = 0;
		};
/* End PBXResourcesBuildPhase section */

/* Begin PBXSourcesBuildPhase section */
		F3A656E423ECDCFB00689E34 /* Sources */ = {
			isa = PBXSourcesBuildPhase;
			buildActionMask = 2147483647;
			files = (
				F3A656F023ECDCFC00689E34 /* ViewController.swift in Sources */,
				F3A656EC23ECDCFC00689E34 /* AppDelegate.swift in Sources */,
				F3A656EE23ECDCFC00689E34 /* SceneDelegate.swift in Sources */,
			);
			runOnlyForDeploymentPostprocessing = 0;
		};
		F3A656FA23ECDCFF00689E34 /* Sources */ = {
			isa = PBXSourcesBuildPhase;
			buildActionMask = 2147483647;
			files = (
				F3A6570323ECDCFF00689E34 /* BonusLayoutConstaintsTests.swift in Sources */,
			);
			runOnlyForDeploymentPostprocessing = 0;
		};
		F3A6570523ECDCFF00689E34 /* Sources */ = {
			isa = PBXSourcesBuildPhase;
			buildActionMask = 2147483647;
			files = (
				F3A6570E23ECDD0000689E34 /* BonusLayoutConstaintsUITests.swift in Sources */,
			);
			runOnlyForDeploymentPostprocessing = 0;
		};
/* End PBXSourcesBuildPhase section */

/* Begin PBXTargetDependency section */
		F3A6570023ECDCFF00689E34 /* PBXTargetDependency */ = {
			isa = PBXTargetDependency;
			target = F3A656E723ECDCFB00689E34 /* BonusLayoutConstaints */;
			targetProxy = F3A656FF23ECDCFF00689E34 /* PBXContainerItemProxy */;
		};
		F3A6570B23ECDD0000689E34 /* PBXTargetDependency */ = {
			isa = PBXTargetDependency;
			target = F3A656E723ECDCFB00689E34 /* BonusLayoutConstaints */;
			targetProxy = F3A6570A23ECDD0000689E34 /* PBXContainerItemProxy */;
		};
/* End PBXTargetDependency section */

/* Begin PBXVariantGroup section */
		F3A656F123ECDCFC00689E34 /* Main.storyboard */ = {
			isa = PBXVariantGroup;
			children = (
				F3A656F223ECDCFC00689E34 /* Base */,
			);
			name = Main.storyboard;
			sourceTree = "<group>";
		};
		F3A656F623ECDCFF00689E34 /* LaunchScreen.storyboard */ = {
			isa = PBXVariantGroup;
			children = (
				F3A656F723ECDCFF00689E34 /* Base */,
			);
			name = LaunchScreen.storyboard;
			sourceTree = "<group>";
		};
/* End PBXVariantGroup section */

/* Begin XCBuildConfiguration section */
		F3A6571023ECDD0000689E34 /* Debug */ = {
			isa = XCBuildConfiguration;
			buildSettings = {
				ALWAYS_SEARCH_USER_PATHS = NO;
				CLANG_ANALYZER_NONNULL = YES;
				CLANG_ANALYZER_NUMBER_OBJECT_CONVERSION = YES_AGGRESSIVE;
				CLANG_CXX_LANGUAGE_STANDARD = "gnu++14";
				CLANG_CXX_LIBRARY = "libc++";
				CLANG_ENABLE_MODULES = YES;
				CLANG_ENABLE_OBJC_ARC = YES;
				CLANG_ENABLE_OBJC_WEAK = YES;
				CLANG_WARN_BLOCK_CAPTURE_AUTORELEASING = YES;
				CLANG_WARN_BOOL_CONVERSION = YES;
				CLANG_WARN_COMMA = YES;
				CLANG_WARN_CONSTANT_CONVERSION = YES;
				CLANG_WARN_DEPRECATED_OBJC_IMPLEMENTATIONS = YES;
				CLANG_WARN_DIRECT_OBJC_ISA_USAGE = YES_ERROR;
				CLANG_WARN_DOCUMENTATION_COMMENTS = YES;
				CLANG_WARN_EMPTY_BODY = YES;
				CLANG_WARN_ENUM_CONVERSION = YES;
				CLANG_WARN_INFINITE_RECURSION = YES;
				CLANG_WARN_INT_CONVERSION = YES;
				CLANG_WARN_NON_LITERAL_NULL_CONVERSION = YES;
				CLANG_WARN_OBJC_IMPLICIT_RETAIN_SELF = YES;
				CLANG_WARN_OBJC_LITERAL_CONVERSION = YES;
				CLANG_WARN_OBJC_ROOT_CLASS = YES_ERROR;
				CLANG_WARN_RANGE_LOOP_ANALYSIS = YES;
				CLANG_WARN_STRICT_PROTOTYPES = YES;
				CLANG_WARN_SUSPICIOUS_MOVE = YES;
				CLANG_WARN_UNGUARDED_AVAILABILITY = YES_AGGRESSIVE;
				CLANG_WARN_UNREACHABLE_CODE = YES;
				CLANG_WARN__DUPLICATE_METHOD_MATCH = YES;
				COPY_PHASE_STRIP = NO;
				DEBUG_INFORMATION_FORMAT = dwarf;
				ENABLE_STRICT_OBJC_MSGSEND = YES;
				ENABLE_TESTABILITY = YES;
				GCC_C_LANGUAGE_STANDARD = gnu11;
				GCC_DYNAMIC_NO_PIC = NO;
				GCC_NO_COMMON_BLOCKS = YES;
				GCC_OPTIMIZATION_LEVEL = 0;
				GCC_PREPROCESSOR_DEFINITIONS = (
					"DEBUG=1",
					"$(inherited)",
				);
				GCC_WARN_64_TO_32_BIT_CONVERSION = YES;
				GCC_WARN_ABOUT_RETURN_TYPE = YES_ERROR;
				GCC_WARN_UNDECLARED_SELECTOR = YES;
				GCC_WARN_UNINITIALIZED_AUTOS = YES_AGGRESSIVE;
				GCC_WARN_UNUSED_FUNCTION = YES;
				GCC_WARN_UNUSED_VARIABLE = YES;
				IPHONEOS_DEPLOYMENT_TARGET = 13.2;
				MTL_ENABLE_DEBUG_INFO = INCLUDE_SOURCE;
				MTL_FAST_MATH = YES;
				ONLY_ACTIVE_ARCH = YES;
				SDKROOT = iphoneos;
				SWIFT_ACTIVE_COMPILATION_CONDITIONS = DEBUG;
				SWIFT_OPTIMIZATION_LEVEL = "-Onone";
			};
			name = Debug;
		};
		F3A6571123ECDD0000689E34 /* Release */ = {
			isa = XCBuildConfiguration;
			buildSettings = {
				ALWAYS_SEARCH_USER_PATHS = NO;
				CLANG_ANALYZER_NONNULL = YES;
				CLANG_ANALYZER_NUMBER_OBJECT_CONVERSION = YES_AGGRESSIVE;
				CLANG_CXX_LANGUAGE_STANDARD = "gnu++14";
				CLANG_CXX_LIBRARY = "libc++";
				CLANG_ENABLE_MODULES = YES;
				CLANG_ENABLE_OBJC_ARC = YES;
				CLANG_ENABLE_OBJC_WEAK = YES;
				CLANG_WARN_BLOCK_CAPTURE_AUTORELEASING = YES;
				CLANG_WARN_BOOL_CONVERSION = YES;
				CLANG_WARN_COMMA = YES;
				CLANG_WARN_CONSTANT_CONVERSION = YES;
				CLANG_WARN_DEPRECATED_OBJC_IMPLEMENTATIONS = YES;
				CLANG_WARN_DIRECT_OBJC_ISA_USAGE = YES_ERROR;
				CLANG_WARN_DOCUMENTATION_COMMENTS = YES;
				CLANG_WARN_EMPTY_BODY = YES;
				CLANG_WARN_ENUM_CONVERSION = YES;
				CLANG_WARN_INFINITE_RECURSION = YES;
				CLANG_WARN_INT_CONVERSION = YES;
				CLANG_WARN_NON_LITERAL_NULL_CONVERSION = YES;
				CLANG_WARN_OBJC_IMPLICIT_RETAIN_SELF = YES;
				CLANG_WARN_OBJC_LITERAL_CONVERSION = YES;
				CLANG_WARN_OBJC_ROOT_CLASS = YES_ERROR;
				CLANG_WARN_RANGE_LOOP_ANALYSIS = YES;
				CLANG_WARN_STRICT_PROTOTYPES = YES;
				CLANG_WARN_SUSPICIOUS_MOVE = YES;
				CLANG_WARN_UNGUARDED_AVAILABILITY = YES_AGGRESSIVE;
				CLANG_WARN_UNREACHABLE_CODE = YES;
				CLANG_WARN__DUPLICATE_METHOD_MATCH = YES;
				COPY_PHASE_STRIP = NO;
				DEBUG_INFORMATION_FORMAT = "dwarf-with-dsym";
				ENABLE_NS_ASSERTIONS = NO;
				ENABLE_STRICT_OBJC_MSGSEND = YES;
				GCC_C_LANGUAGE_STANDARD = gnu11;
				GCC_NO_COMMON_BLOCKS = YES;
				GCC_WARN_64_TO_32_BIT_CONVERSION = YES;
				GCC_WARN_ABOUT_RETURN_TYPE = YES_ERROR;
				GCC_WARN_UNDECLARED_SELECTOR = YES;
				GCC_WARN_UNINITIALIZED_AUTOS = YES_AGGRESSIVE;
				GCC_WARN_UNUSED_FUNCTION = YES;
				GCC_WARN_UNUSED_VARIABLE = YES;
				IPHONEOS_DEPLOYMENT_TARGET = 13.2;
				MTL_ENABLE_DEBUG_INFO = NO;
				MTL_FAST_MATH = YES;
				SDKROOT = iphoneos;
				SWIFT_COMPILATION_MODE = wholemodule;
				SWIFT_OPTIMIZATION_LEVEL = "-O";
				VALIDATE_PRODUCT = YES;
			};
			name = Release;
		};
		F3A6571323ECDD0000689E34 /* Debug */ = {
			isa = XCBuildConfiguration;
			buildSettings = {
				ASSETCATALOG_COMPILER_APPICON_NAME = AppIcon;
				CODE_SIGN_STYLE = Automatic;
				DEVELOPMENT_TEAM = UUJ8DM49JG;
				INFOPLIST_FILE = BonusLayoutConstaints/Info.plist;
				LD_RUNPATH_SEARCH_PATHS = (
					"$(inherited)",
					"@executable_path/Frameworks",
				);
				PRODUCT_BUNDLE_IDENTIFIER = com.sp.BonusLayoutConstaints;
				PRODUCT_NAME = "$(TARGET_NAME)";
				SWIFT_VERSION = 5.0;
				TARGETED_DEVICE_FAMILY = "1,2";
			};
			name = Debug;
		};
		F3A6571423ECDD0000689E34 /* Release */ = {
			isa = XCBuildConfiguration;
			buildSettings = {
				ASSETCATALOG_COMPILER_APPICON_NAME = AppIcon;
				CODE_SIGN_STYLE = Automatic;
				DEVELOPMENT_TEAM = UUJ8DM49JG;
				INFOPLIST_FILE = BonusLayoutConstaints/Info.plist;
				LD_RUNPATH_SEARCH_PATHS = (
					"$(inherited)",
					"@executable_path/Frameworks",
				);
				PRODUCT_BUNDLE_IDENTIFIER = com.sp.BonusLayoutConstaints;
				PRODUCT_NAME = "$(TARGET_NAME)";
				SWIFT_VERSION = 5.0;
				TARGETED_DEVICE_FAMILY = "1,2";
			};
			name = Release;
		};
		F3A6571623ECDD0000689E34 /* Debug */ = {
			isa = XCBuildConfiguration;
			buildSettings = {
				ALWAYS_EMBED_SWIFT_STANDARD_LIBRARIES = YES;
				BUNDLE_LOADER = "$(TEST_HOST)";
				CODE_SIGN_STYLE = Automatic;
				DEVELOPMENT_TEAM = UUJ8DM49JG;
				INFOPLIST_FILE = BonusLayoutConstaintsTests/Info.plist;
				IPHONEOS_DEPLOYMENT_TARGET = 13.2;
				LD_RUNPATH_SEARCH_PATHS = (
					"$(inherited)",
					"@executable_path/Frameworks",
					"@loader_path/Frameworks",
				);
				PRODUCT_BUNDLE_IDENTIFIER = com.sp.BonusLayoutConstaintsTests;
				PRODUCT_NAME = "$(TARGET_NAME)";
				SWIFT_VERSION = 5.0;
				TARGETED_DEVICE_FAMILY = "1,2";
				TEST_HOST = "$(BUILT_PRODUCTS_DIR)/BonusLayoutConstaints.app/BonusLayoutConstaints";
			};
			name = Debug;
		};
		F3A6571723ECDD0000689E34 /* Release */ = {
			isa = XCBuildConfiguration;
			buildSettings = {
				ALWAYS_EMBED_SWIFT_STANDARD_LIBRARIES = YES;
				BUNDLE_LOADER = "$(TEST_HOST)";
				CODE_SIGN_STYLE = Automatic;
				DEVELOPMENT_TEAM = UUJ8DM49JG;
				INFOPLIST_FILE = BonusLayoutConstaintsTests/Info.plist;
				IPHONEOS_DEPLOYMENT_TARGET = 13.2;
				LD_RUNPATH_SEARCH_PATHS = (
					"$(inherited)",
					"@executable_path/Frameworks",
					"@loader_path/Frameworks",
				);
				PRODUCT_BUNDLE_IDENTIFIER = com.sp.BonusLayoutConstaintsTests;
				PRODUCT_NAME = "$(TARGET_NAME)";
				SWIFT_VERSION = 5.0;
				TARGETED_DEVICE_FAMILY = "1,2";
				TEST_HOST = "$(BUILT_PRODUCTS_DIR)/BonusLayoutConstaints.app/BonusLayoutConstaints";
			};
			name = Release;
		};
		F3A6571923ECDD0000689E34 /* Debug */ = {
			isa = XCBuildConfiguration;
			buildSettings = {
				ALWAYS_EMBED_SWIFT_STANDARD_LIBRARIES = YES;
				CODE_SIGN_STYLE = Automatic;
				DEVELOPMENT_TEAM = UUJ8DM49JG;
				INFOPLIST_FILE = BonusLayoutConstaintsUITests/Info.plist;
				LD_RUNPATH_SEARCH_PATHS = (
					"$(inherited)",
					"@executable_path/Frameworks",
					"@loader_path/Frameworks",
				);
				PRODUCT_BUNDLE_IDENTIFIER = com.sp.BonusLayoutConstaintsUITests;
				PRODUCT_NAME = "$(TARGET_NAME)";
				SWIFT_VERSION = 5.0;
				TARGETED_DEVICE_FAMILY = "1,2";
				TEST_TARGET_NAME = BonusLayoutConstaints;
			};
			name = Debug;
		};
		F3A6571A23ECDD0000689E34 /* Release */ = {
			isa = XCBuildConfiguration;
			buildSettings = {
				ALWAYS_EMBED_SWIFT_STANDARD_LIBRARIES = YES;
				CODE_SIGN_STYLE = Automatic;
				DEVELOPMENT_TEAM = UUJ8DM49JG;
				INFOPLIST_FILE = BonusLayoutConstaintsUITests/Info.plist;
				LD_RUNPATH_SEARCH_PATHS = (
					"$(inherited)",
					"@executable_path/Frameworks",
					"@loader_path/Frameworks",
				);
				PRODUCT_BUNDLE_IDENTIFIER = com.sp.BonusLayoutConstaintsUITests;
				PRODUCT_NAME = "$(TARGET_NAME)";
				SWIFT_VERSION = 5.0;
				TARGETED_DEVICE_FAMILY = "1,2";
				TEST_TARGET_NAME = BonusLayoutConstaints;
			};
			name = Release;
		};
/* End XCBuildConfiguration section */

/* Begin XCConfigurationList section */
		F3A656E323ECDCFB00689E34 /* Build configuration list for PBXProject "BonusLayoutConstaints" */ = {
			isa = XCConfigurationList;
			buildConfigurations = (
				F3A6571023ECDD0000689E34 /* Debug */,
				F3A6571123ECDD0000689E34 /* Release */,
			);
			defaultConfigurationIsVisible = 0;
			defaultConfigurationName = Release;
		};
		F3A6571223ECDD0000689E34 /* Build configuration list for PBXNativeTarget "BonusLayoutConstaints" */ = {
			isa = XCConfigurationList;
			buildConfigurations = (
				F3A6571323ECDD0000689E34 /* Debug */,
				F3A6571423ECDD0000689E34 /* Release */,
			);
			defaultConfigurationIsVisible = 0;
			defaultConfigurationName = Release;
		};
		F3A6571523ECDD0000689E34 /* Build configuration list for PBXNativeTarget "BonusLayoutConstaintsTests" */ = {
			isa = XCConfigurationList;
			buildConfigurations = (
				F3A6571623ECDD0000689E34 /* Debug */,
				F3A6571723ECDD0000689E34 /* Release */,
			);
			defaultConfigurationIsVisible = 0;
			defaultConfigurationName = Release;
		};
		F3A6571823ECDD0000689E34 /* Build configuration list for PBXNativeTarget "BonusLayoutConstaintsUITests" */ = {
			isa = XCConfigurationList;
			buildConfigurations = (
				F3A6571923ECDD0000689E34 /* Debug */,
				F3A6571A23ECDD0000689E34 /* Release */,
			);
			defaultConfigurationIsVisible = 0;
			defaultConfigurationName = Release;
		};
/* End XCConfigurationList section */
	};
	rootObject = F3A656E023ECDCFB00689E34 /* Project object */;
}
